// !$*UTF8*$!
{
	archiveVersion = 1;
	classes = {
	};
	objectVersion = 46;
	objects = {

/* Begin PBXBuildFile section */
		485FB5F71EB4ABA30061A674 /* IRANSansMobile_Bold.ttf in Resources */ = {isa = PBXBuildFile; fileRef = 485FB5F51EB4ABA30061A674 /* IRANSansMobile_Bold.ttf */; };
		485FB5F81EB4ABA30061A674 /* IRANSansMobile.ttf in Resources */ = {isa = PBXBuildFile; fileRef = 485FB5F61EB4ABA30061A674 /* IRANSansMobile.ttf */; };
		B28259461EA1F6D200F91B2B /* AppDelegate.swift in Sources */ = {isa = PBXBuildFile; fileRef = B28259451EA1F6D200F91B2B /* AppDelegate.swift */; };
		B28259481EA1F6D200F91B2B /* ViewController.swift in Sources */ = {isa = PBXBuildFile; fileRef = B28259471EA1F6D200F91B2B /* ViewController.swift */; };
		B282594B1EA1F6D200F91B2B /* Main.storyboard in Resources */ = {isa = PBXBuildFile; fileRef = B28259491EA1F6D200F91B2B /* Main.storyboard */; };
		B282594D1EA1F6D200F91B2B /* Assets.xcassets in Resources */ = {isa = PBXBuildFile; fileRef = B282594C1EA1F6D200F91B2B /* Assets.xcassets */; };
		B28259501EA1F6D200F91B2B /* LaunchScreen.storyboard in Resources */ = {isa = PBXBuildFile; fileRef = B282594E1EA1F6D200F91B2B /* LaunchScreen.storyboard */; };
		B2E243351EA34C4C00BFFC6D /* Json4Swift_Base.swift in Sources */ = {isa = PBXBuildFile; fileRef = B2E243321EA34C4C00BFFC6D /* Json4Swift_Base.swift */; };
		B2E243361EA34C4C00BFFC6D /* PackInfo.swift in Sources */ = {isa = PBXBuildFile; fileRef = B2E243331EA34C4C00BFFC6D /* PackInfo.swift */; };
		B2E243371EA34C4C00BFFC6D /* UserInfo.swift in Sources */ = {isa = PBXBuildFile; fileRef = B2E243341EA34C4C00BFFC6D /* UserInfo.swift */; };
/* End PBXBuildFile section */

/* Begin PBXFileReference section */
		485FB5F51EB4ABA30061A674 /* IRANSansMobile_Bold.ttf */ = {isa = PBXFileReference; lastKnownFileType = file; path = IRANSansMobile_Bold.ttf; sourceTree = "<group>"; };
		485FB5F61EB4ABA30061A674 /* IRANSansMobile.ttf */ = {isa = PBXFileReference; lastKnownFileType = file; path = IRANSansMobile.ttf; sourceTree = "<group>"; };
		B28259421EA1F6D200F91B2B /* NetworkSessionSample.app */ = {isa = PBXFileReference; explicitFileType = wrapper.application; includeInIndex = 0; path = NetworkSessionSample.app; sourceTree = BUILT_PRODUCTS_DIR; };
		B28259451EA1F6D200F91B2B /* AppDelegate.swift */ = {isa = PBXFileReference; lastKnownFileType = sourcecode.swift; path = AppDelegate.swift; sourceTree = "<group>"; };
		B28259471EA1F6D200F91B2B /* ViewController.swift */ = {isa = PBXFileReference; lastKnownFileType = sourcecode.swift; path = ViewController.swift; sourceTree = "<group>"; };
		B282594A1EA1F6D200F91B2B /* Base */ = {isa = PBXFileReference; lastKnownFileType = file.storyboard; name = Base; path = Base.lproj/Main.storyboard; sourceTree = "<group>"; };
		B282594C1EA1F6D200F91B2B /* Assets.xcassets */ = {isa = PBXFileReference; lastKnownFileType = folder.assetcatalog; path = Assets.xcassets; sourceTree = "<group>"; };
		B282594F1EA1F6D200F91B2B /* Base */ = {isa = PBXFileReference; lastKnownFileType = file.storyboard; name = Base; path = Base.lproj/LaunchScreen.storyboard; sourceTree = "<group>"; };
		B28259511EA1F6D200F91B2B /* Info.plist */ = {isa = PBXFileReference; lastKnownFileType = text.plist.xml; path = Info.plist; sourceTree = "<group>"; };
		B2E243321EA34C4C00BFFC6D /* Json4Swift_Base.swift */ = {isa = PBXFileReference; fileEncoding = 4; lastKnownFileType = sourcecode.swift; path = Json4Swift_Base.swift; sourceTree = "<group>"; };
		B2E243331EA34C4C00BFFC6D /* PackInfo.swift */ = {isa = PBXFileReference; fileEncoding = 4; lastKnownFileType = sourcecode.swift; path = PackInfo.swift; sourceTree = "<group>"; };
		B2E243341EA34C4C00BFFC6D /* UserInfo.swift */ = {isa = PBXFileReference; fileEncoding = 4; lastKnownFileType = sourcecode.swift; path = UserInfo.swift; sourceTree = "<group>"; };
/* End PBXFileReference section */

/* Begin PBXFrameworksBuildPhase section */
		B282593F1EA1F6D200F91B2B /* Frameworks */ = {
			isa = PBXFrameworksBuildPhase;
			buildActionMask = 2147483647;
			files = (
			);
			runOnlyForDeploymentPostprocessing = 0;
		};
/* End PBXFrameworksBuildPhase section */

/* Begin PBXGroup section */
		485FB5F41EB4AB2E0061A674 /* Resources */ = {
			isa = PBXGroup;
			children = (
				485FB5F51EB4ABA30061A674 /* IRANSansMobile_Bold.ttf */,
				485FB5F61EB4ABA30061A674 /* IRANSansMobile.ttf */,
			);
			name = Resources;
			sourceTree = "<group>";
		};
		B28259391EA1F6D200F91B2B = {
			isa = PBXGroup;
			children = (
				485FB5F41EB4AB2E0061A674 /* Resources */,
				B28259441EA1F6D200F91B2B /* NetworkSessionSample */,
				B28259431EA1F6D200F91B2B /* Products */,
			);
			sourceTree = "<group>";
		};
		B28259431EA1F6D200F91B2B /* Products */ = {
			isa = PBXGroup;
			children = (
				B28259421EA1F6D200F91B2B /* NetworkSessionSample.app */,
			);
			name = Products;
			sourceTree = "<group>";
		};
		B28259441EA1F6D200F91B2B /* NetworkSessionSample */ = {
			isa = PBXGroup;
			children = (
				B2E243321EA34C4C00BFFC6D /* Json4Swift_Base.swift */,
				B2E243331EA34C4C00BFFC6D /* PackInfo.swift */,
				B2E243341EA34C4C00BFFC6D /* UserInfo.swift */,
				B28259451EA1F6D200F91B2B /* AppDelegate.swift */,
				B28259471EA1F6D200F91B2B /* ViewController.swift */,
				B28259491EA1F6D200F91B2B /* Main.storyboard */,
				B282594C1EA1F6D200F91B2B /* Assets.xcassets */,
				B282594E1EA1F6D200F91B2B /* LaunchScreen.storyboard */,
				B28259511EA1F6D200F91B2B /* Info.plist */,
			);
			path = NetworkSessionSample;
			sourceTree = "<group>";
		};
/* End PBXGroup section */

/* Begin PBXNativeTarget section */
		B28259411EA1F6D200F91B2B /* NetworkSessionSample */ = {
			isa = PBXNativeTarget;
			buildConfigurationList = B28259541EA1F6D200F91B2B /* Build configuration list for PBXNativeTarget "NetworkSessionSample" */;
			buildPhases = (
				B282593E1EA1F6D200F91B2B /* Sources */,
				B282593F1EA1F6D200F91B2B /* Frameworks */,
				B28259401EA1F6D200F91B2B /* Resources */,
			);
			buildRules = (
			);
			dependencies = (
			);
			name = NetworkSessionSample;
			productName = NetworkSessionSample;
			productReference = B28259421EA1F6D200F91B2B /* NetworkSessionSample.app */;
			productType = "com.apple.product-type.application";
		};
/* End PBXNativeTarget section */

/* Begin PBXProject section */
		B282593A1EA1F6D200F91B2B /* Project object */ = {
			isa = PBXProject;
			attributes = {
				LastSwiftUpdateCheck = 0800;
				LastUpgradeCheck = 0800;
				ORGANIZATIONNAME = "Saeid mohammadi";
				TargetAttributes = {
					B28259411EA1F6D200F91B2B = {
						CreatedOnToolsVersion = 8.0;
						DevelopmentTeam = Y6Z7YQH9DL;
						ProvisioningStyle = Automatic;
					};
				};
			};
			buildConfigurationList = B282593D1EA1F6D200F91B2B /* Build configuration list for PBXProject "NetworkSessionSample" */;
			compatibilityVersion = "Xcode 3.2";
			developmentRegion = English;
			hasScannedForEncodings = 0;
			knownRegions = (
				en,
				Base,
			);
			mainGroup = B28259391EA1F6D200F91B2B;
			productRefGroup = B28259431EA1F6D200F91B2B /* Products */;
			projectDirPath = "";
			projectRoot = "";
			targets = (
				B28259411EA1F6D200F91B2B /* NetworkSessionSample */,
			);
		};
/* End PBXProject section */

/* Begin PBXResourcesBuildPhase section */
		B28259401EA1F6D200F91B2B /* Resources */ = {
			isa = PBXResourcesBuildPhase;
			buildActionMask = 2147483647;
			files = (
				B28259501EA1F6D200F91B2B /* LaunchScreen.storyboard in Resources */,
				B282594D1EA1F6D200F91B2B /* Assets.xcassets in Resources */,
				485FB5F81EB4ABA30061A674 /* IRANSansMobile.ttf in Resources */,
				485FB5F71EB4ABA30061A674 /* IRANSansMobile_Bold.ttf in Resources */,
				B282594B1EA1F6D200F91B2B /* Main.storyboard in Resources */,
			);
			runOnlyForDeploymentPostprocessing = 0;
		};
/* End PBXResourcesBuildPhase section */

/* Begin PBXSourcesBuildPhase section */
		B282593E1EA1F6D200F91B2B /* Sources */ = {
			isa = PBXSourcesBuildPhase;
			buildActionMask = 2147483647;
			files = (
				B28259481EA1F6D200F91B2B /* ViewController.swift in Sources */,
				B2E243351EA34C4C00BFFC6D /* Json4Swift_Base.swift in Sources */,
				B28259461EA1F6D200F91B2B /* AppDelegate.swift in Sources */,
				B2E243371EA34C4C00BFFC6D /* UserInfo.swift in Sources */,
				B2E243361EA34C4C00BFFC6D /* PackInfo.swift in Sources */,
			);
			runOnlyForDeploymentPostprocessing = 0;
		};
/* End PBXSourcesBuildPhase section */

/* Begin PBXVariantGroup section */
		B28259491EA1F6D200F91B2B /* Main.storyboard */ = {
			isa = PBXVariantGroup;
			children = (
				B282594A1EA1F6D200F91B2B /* Base */,
			);
			name = Main.storyboard;
			sourceTree = "<group>";
		};
		B282594E1EA1F6D200F91B2B /* LaunchScreen.storyboard */ = {
			isa = PBXVariantGroup;
			children = (
				B282594F1EA1F6D200F91B2B /* Base */,
			);
			name = LaunchScreen.storyboard;
			sourceTree = "<group>";
		};
/* End PBXVariantGroup section */

/* Begin XCBuildConfiguration section */
		B28259521EA1F6D200F91B2B /* Debug */ = {
			isa = XCBuildConfiguration;
			buildSettings = {
				ALWAYS_SEARCH_USER_PATHS = NO;
				CLANG_ANALYZER_NONNULL = YES;
				CLANG_CXX_LANGUAGE_STANDARD = "gnu++0x";
				CLANG_CXX_LIBRARY = "libc++";
				CLANG_ENABLE_MODULES = YES;
				CLANG_ENABLE_OBJC_ARC = YES;
				CLANG_WARN_BOOL_CONVERSION = YES;
				CLANG_WARN_CONSTANT_CONVERSION = YES;
				CLANG_WARN_DIRECT_OBJC_ISA_USAGE = YES_ERROR;
				CLANG_WARN_DOCUMENTATION_COMMENTS = YES;
				CLANG_WARN_EMPTY_BODY = YES;
				CLANG_WARN_ENUM_CONVERSION = YES;
				CLANG_WARN_INFINITE_RECURSION = YES;
				CLANG_WARN_INT_CONVERSION = YES;
				CLANG_WARN_OBJC_ROOT_CLASS = YES_ERROR;
				CLANG_WARN_SUSPICIOUS_MOVES = YES;
				CLANG_WARN_UNREACHABLE_CODE = YES;
				CLANG_WARN__DUPLICATE_METHOD_MATCH = YES;
				"CODE_SIGN_IDENTITY[sdk=iphoneos*]" = "iPhone Developer";
				COPY_PHASE_STRIP = NO;
				DEBUG_INFORMATION_FORMAT = dwarf;
				ENABLE_STRICT_OBJC_MSGSEND = YES;
				ENABLE_TESTABILITY = YES;
				GCC_C_LANGUAGE_STANDARD = gnu99;
				GCC_DYNAMIC_NO_PIC = NO;
				GCC_NO_COMMON_BLOCKS = YES;
				GCC_OPTIMIZATION_LEVEL = 0;
				GCC_PREPROCESSOR_DEFINITIONS = (
					"DEBUG=1",
					"$(inherited)",
				);
				GCC_WARN_64_TO_32_BIT_CONVERSION = YES;
				GCC_WARN_ABOUT_RETURN_TYPE = YES_ERROR;
				GCC_WARN_UNDECLARED_SELECTOR = YES;
				GCC_WARN_UNINITIALIZED_AUTOS = YES_AGGRESSIVE;
				GCC_WARN_UNUSED_FUNCTION = YES;
				GCC_WARN_UNUSED_VARIABLE = YES;
				IPHONEOS_DEPLOYMENT_TARGET = 10.0;
				MTL_ENABLE_DEBUG_INFO = YES;
				ONLY_ACTIVE_ARCH = YES;
				SDKROOT = iphoneos;
				SWIFT_ACTIVE_COMPILATION_CONDITIONS = DEBUG;
				SWIFT_OPTIMIZATION_LEVEL = "-Onone";
				TARGETED_DEVICE_FAMILY = "1,2";
			};
			name = Debug;
		};
		B28259531EA1F6D200F91B2B /* Release */ = {
			isa = XCBuildConfiguration;
			buildSettings = {
				ALWAYS_SEARCH_USER_PATHS = NO;
				CLANG_ANALYZER_NONNULL = YES;
				CLANG_CXX_LANGUAGE_STANDARD = "gnu++0x";
				CLANG_CXX_LIBRARY = "libc++";
				CLANG_ENABLE_MODULES = YES;
				CLANG_ENABLE_OBJC_ARC = YES;
				CLANG_WARN_BOOL_CONVERSION = YES;
				CLANG_WARN_CONSTANT_CONVERSION = YES;
				CLANG_WARN_DIRECT_OBJC_ISA_USAGE = YES_ERROR;
				CLANG_WARN_DOCUMENTATION_COMMENTS = YES;
				CLANG_WARN_EMPTY_BODY = YES;
				CLANG_WARN_ENUM_CONVERSION = YES;
				CLANG_WARN_INFINITE_RECURSION = YES;
				CLANG_WARN_INT_CONVERSION = YES;
				CLANG_WARN_OBJC_ROOT_CLASS = YES_ERROR;
				CLANG_WARN_SUSPICIOUS_MOVES = YES;
				CLANG_WARN_UNREACHABLE_CODE = YES;
				CLANG_WARN__DUPLICATE_METHOD_MATCH = YES;
				"CODE_SIGN_IDENTITY[sdk=iphoneos*]" = "iPhone Developer";
				COPY_PHASE_STRIP = NO;
				DEBUG_INFORMATION_FORMAT = "dwarf-with-dsym";
				ENABLE_NS_ASSERTIONS = NO;
				ENABLE_STRICT_OBJC_MSGSEND = YES;
				GCC_C_LANGUAGE_STANDARD = gnu99;
				GCC_NO_COMMON_BLOCKS = YES;
				GCC_WARN_64_TO_32_BIT_CONVERSION = YES;
				GCC_WARN_ABOUT_RETURN_TYPE = YES_ERROR;
				GCC_WARN_UNDECLARED_SELECTOR = YES;
				GCC_WARN_UNINITIALIZED_AUTOS = YES_AGGRESSIVE;
				GCC_WARN_UNUSED_FUNCTION = YES;
				GCC_WARN_UNUSED_VARIABLE = YES;
				IPHONEOS_DEPLOYMENT_TARGET = 10.0;
				MTL_ENABLE_DEBUG_INFO = NO;
				SDKROOT = iphoneos;
				SWIFT_OPTIMIZATION_LEVEL = "-Owholemodule";
				TARGETED_DEVICE_FAMILY = "1,2";
				VALIDATE_PRODUCT = YES;
			};
			name = Release;
		};
		B28259551EA1F6D200F91B2B /* Debug */ = {
			isa = XCBuildConfiguration;
			buildSettings = {
				ASSETCATALOG_COMPILER_APPICON_NAME = AppIcon;
				"CODE_SIGN_IDENTITY[sdk=iphoneos*]" = "iPhone Developer";
				DEVELOPMENT_TEAM = Y6Z7YQH9DL;
				INFOPLIST_FILE = NetworkSessionSample/Info.plist;
				IPHONEOS_DEPLOYMENT_TARGET = 9.3;
				LD_RUNPATH_SEARCH_PATHS = "$(inherited) @executable_path/Frameworks";
				NEW_SETTING = "";
				PRODUCT_BUNDLE_IDENTIFIER = "mahak-com.NetworkSessionSample";
				PRODUCT_NAME = "$(TARGET_NAME)";
				SWIFT_VERSION = 3.0;
			};
			name = Debug;
		};
		B28259561EA1F6D200F91B2B /* Release */ = {
			isa = XCBuildConfiguration;
			buildSettings = {
				ASSETCATALOG_COMPILER_APPICON_NAME = AppIcon;
				"CODE_SIGN_IDENTITY[sdk=iphoneos*]" = "iPhone Developer";
				DEVELOPMENT_TEAM = Y6Z7YQH9DL;
				INFOPLIST_FILE = NetworkSessionSample/Info.plist;
				IPHONEOS_DEPLOYMENT_TARGET = 9.3;
				LD_RUNPATH_SEARCH_PATHS = "$(inherited) @executable_path/Frameworks";
				NEW_SETTING = "";
				PRODUCT_BUNDLE_IDENTIFIER = "mahak-com.NetworkSessionSample";
				PRODUCT_NAME = "$(TARGET_NAME)";
				SWIFT_VERSION = 3.0;
			};
			name = Release;
		};
/* End XCBuildConfiguration section */

/* Begin XCConfigurationList section */
		B282593D1EA1F6D200F91B2B /* Build configuration list for PBXProject "NetworkSessionSample" */ = {
			isa = XCConfigurationList;
			buildConfigurations = (
				B28259521EA1F6D200F91B2B /* Debug */,
				B28259531EA1F6D200F91B2B /* Release */,
			);
			defaultConfigurationIsVisible = 0;
			defaultConfigurationName = Release;
		};
		B28259541EA1F6D200F91B2B /* Build configuration list for PBXNativeTarget "NetworkSessionSample" */ = {
			isa = XCConfigurationList;
			buildConfigurations = (
				B28259551EA1F6D200F91B2B /* Debug */,
				B28259561EA1F6D200F91B2B /* Release */,
			);
			defaultConfigurationIsVisible = 0;
			defaultConfigurationName = Release;
		};
/* End XCConfigurationList section */
	};
	rootObject = B282593A1EA1F6D200F91B2B /* Project object */;
}
